{
    "version": 3,
    "terraform_version": "0.11.13",
    "serial": 4,
    "lineage": "ad285644-96e1-267a-2be2-36cd05eb04e5",
    "modules": [
        {
            "path": [
                "root"
            ],
            "outputs": {},
            "resources": {},
            "depends_on": []
        },
        {
            "path": [
                "root",
                "vpc"
            ],
            "outputs": {
                "azs": {
                    "sensitive": false,
                    "type": "list",
                    "value": [
                        "eu-central-1a",
                        "eu-central-1b",
                        "eu-central-1c"
                    ]
                },
                "database_network_acl_id": {
                    "sensitive": false,
                    "type": "string",
                    "value": ""
                },
                "database_route_table_ids": {
                    "sensitive": false,
                    "type": "list",
                    "value": [
                        "rtb-0186b5436d6d7743b",
                        "rtb-0093f51db4b0da871",
                        "rtb-057dd9ab71c979919"
                    ]
                },
                "database_subnet_group": {
                    "sensitive": false,
                    "type": "string",
                    "value": ""
                },
                "database_subnets": {
                    "sensitive": false,
                    "type": "list",
                    "value": []
                },
                "database_subnets_cidr_blocks": {
                    "sensitive": false,
                    "type": "list",
                    "value": []
                },
                "default_network_acl_id": {
                    "sensitive": false,
                    "type": "string",
                    "value": "acl-0d52434d7a45b845e"
                },
                "default_route_table_id": {
                    "sensitive": false,
                    "type": "string",
                    "value": "rtb-01047600b72bb0ba1"
                },
                "default_security_group_id": {
                    "sensitive": false,
                    "type": "string",
                    "value": "sg-04523c6a97ea8f576"
                },
                "default_vpc_cidr_block": {
                    "sensitive": false,
                    "type": "string",
                    "value": ""
                },
                "default_vpc_default_network_acl_id": {
                    "sensitive": false,
                    "type": "string",
                    "value": ""
                },
                "default_vpc_default_route_table_id": {
                    "sensitive": false,
                    "type": "string",
                    "value": ""
                },
                "default_vpc_default_security_group_id": {
                    "sensitive": false,
                    "type": "string",
                    "value": ""
                },
                "default_vpc_enable_dns_hostnames": {
                    "sensitive": false,
                    "type": "string",
                    "value": ""
                },
                "default_vpc_enable_dns_support": {
                    "sensitive": false,
                    "type": "string",
                    "value": ""
                },
                "default_vpc_id": {
                    "sensitive": false,
                    "type": "string",
                    "value": ""
                },
                "default_vpc_instance_tenancy": {
                    "sensitive": false,
                    "type": "string",
                    "value": ""
                },
                "default_vpc_main_route_table_id": {
                    "sensitive": false,
                    "type": "string",
                    "value": ""
                },
                "elasticache_network_acl_id": {
                    "sensitive": false,
                    "type": "string",
                    "value": ""
                },
                "elasticache_route_table_ids": {
                    "sensitive": false,
                    "type": "list",
                    "value": [
                        "rtb-0186b5436d6d7743b",
                        "rtb-0093f51db4b0da871",
                        "rtb-057dd9ab71c979919"
                    ]
                },
                "elasticache_subnet_group": {
                    "sensitive": false,
                    "type": "string",
                    "value": ""
                },
                "elasticache_subnet_group_name": {
                    "sensitive": false,
                    "type": "string",
                    "value": ""
                },
                "elasticache_subnets": {
                    "sensitive": false,
                    "type": "list",
                    "value": []
                },
                "elasticache_subnets_cidr_blocks": {
                    "sensitive": false,
                    "type": "list",
                    "value": []
                },
                "igw_id": {
                    "sensitive": false,
                    "type": "string",
                    "value": "igw-0e56952e8c9b2ba5f"
                },
                "intra_network_acl_id": {
                    "sensitive": false,
                    "type": "string",
                    "value": ""
                },
                "intra_route_table_ids": {
                    "sensitive": false,
                    "type": "list",
                    "value": []
                },
                "intra_subnets": {
                    "sensitive": false,
                    "type": "list",
                    "value": []
                },
                "intra_subnets_cidr_blocks": {
                    "sensitive": false,
                    "type": "list",
                    "value": []
                },
                "nat_ids": {
                    "sensitive": false,
                    "type": "list",
                    "value": [
                        "eipalloc-08335568778168ee6",
                        "eipalloc-09ed682f23ce8ea9f",
                        "eipalloc-0b19d9a3a78d04592"
                    ]
                },
                "nat_public_ips": {
                    "sensitive": false,
                    "type": "list",
                    "value": [
                        "18.194.50.249",
                        "35.156.69.135",
                        "18.195.79.221"
                    ]
                },
                "natgw_ids": {
                    "sensitive": false,
                    "type": "list",
                    "value": [
                        "nat-05bb67d74f472befe",
                        "nat-00ed3ab180175033f",
                        "nat-098099a9a9132a05c"
                    ]
                },
                "private_network_acl_id": {
                    "sensitive": false,
                    "type": "string",
                    "value": ""
                },
                "private_route_table_ids": {
                    "sensitive": false,
                    "type": "list",
                    "value": [
                        "rtb-0186b5436d6d7743b",
                        "rtb-0093f51db4b0da871",
                        "rtb-057dd9ab71c979919"
                    ]
                },
                "private_subnets": {
                    "sensitive": false,
                    "type": "list",
                    "value": [
                        "subnet-005a7a8e59e384216",
                        "subnet-0c1fec4c6ded8a7bd",
                        "subnet-099dcfb692696617b"
                    ]
                },
                "private_subnets_cidr_blocks": {
                    "sensitive": false,
                    "type": "list",
                    "value": [
                        "10.0.1.0/24",
                        "10.0.2.0/24",
                        "10.0.3.0/24"
                    ]
                },
                "public_network_acl_id": {
                    "sensitive": false,
                    "type": "string",
                    "value": ""
                },
                "public_route_table_ids": {
                    "sensitive": false,
                    "type": "list",
                    "value": [
                        "rtb-0eb340d0cefe3484d"
                    ]
                },
                "public_subnets": {
                    "sensitive": false,
                    "type": "list",
                    "value": [
                        "subnet-0026cf86562f0799a",
                        "subnet-0cc8a7b03386c57de",
                        "subnet-0164043c11924bee4"
                    ]
                },
                "public_subnets_cidr_blocks": {
                    "sensitive": false,
                    "type": "list",
                    "value": [
                        "10.0.101.0/24",
                        "10.0.102.0/24",
                        "10.0.103.0/24"
                    ]
                },
                "redshift_network_acl_id": {
                    "sensitive": false,
                    "type": "string",
                    "value": ""
                },
                "redshift_route_table_ids": {
                    "sensitive": false,
                    "type": "list",
                    "value": [
                        "rtb-0186b5436d6d7743b",
                        "rtb-0093f51db4b0da871",
                        "rtb-057dd9ab71c979919"
                    ]
                },
                "redshift_subnet_group": {
                    "sensitive": false,
                    "type": "string",
                    "value": ""
                },
                "redshift_subnets": {
                    "sensitive": false,
                    "type": "list",
                    "value": []
                },
                "redshift_subnets_cidr_blocks": {
                    "sensitive": false,
                    "type": "list",
                    "value": []
                },
                "vgw_id": {
                    "sensitive": false,
                    "type": "string",
                    "value": "vgw-0a35d1786871344a1"
                },
                "vpc_cidr_block": {
                    "sensitive": false,
                    "type": "string",
                    "value": "10.0.0.0/16"
                },
                "vpc_enable_dns_hostnames": {
                    "sensitive": false,
                    "type": "string",
                    "value": "false"
                },
                "vpc_enable_dns_support": {
                    "sensitive": false,
                    "type": "string",
                    "value": "true"
                },
                "vpc_endpoint_dynamodb_id": {
                    "sensitive": false,
                    "type": "string",
                    "value": ""
                },
                "vpc_endpoint_dynamodb_pl_id": {
                    "sensitive": false,
                    "type": "string",
                    "value": ""
                },
                "vpc_endpoint_ec2_dns_entry": {
                    "sensitive": false,
                    "type": "list",
                    "value": []
                },
                "vpc_endpoint_ec2_id": {
                    "sensitive": false,
                    "type": "string",
                    "value": ""
                },
                "vpc_endpoint_ec2_network_interface_ids": {
                    "sensitive": false,
                    "type": "list",
                    "value": []
                },
                "vpc_endpoint_ec2messages_dns_entry": {
                    "sensitive": false,
                    "type": "list",
                    "value": []
                },
                "vpc_endpoint_ec2messages_id": {
                    "sensitive": false,
                    "type": "string",
                    "value": ""
                },
                "vpc_endpoint_ec2messages_network_interface_ids": {
                    "sensitive": false,
                    "type": "list",
                    "value": []
                },
                "vpc_endpoint_s3_id": {
                    "sensitive": false,
                    "type": "string",
                    "value": ""
                },
                "vpc_endpoint_s3_pl_id": {
                    "sensitive": false,
                    "type": "string",
                    "value": ""
                },
                "vpc_endpoint_ssm_dns_entry": {
                    "sensitive": false,
                    "type": "list",
                    "value": []
                },
                "vpc_endpoint_ssm_id": {
                    "sensitive": false,
                    "type": "string",
                    "value": ""
                },
                "vpc_endpoint_ssm_network_interface_ids": {
                    "sensitive": false,
                    "type": "list",
                    "value": []
                },
                "vpc_endpoint_ssmmessages_dns_entry": {
                    "sensitive": false,
                    "type": "list",
                    "value": []
                },
                "vpc_endpoint_ssmmessages_id": {
                    "sensitive": false,
                    "type": "string",
                    "value": ""
                },
                "vpc_endpoint_ssmmessages_network_interface_ids": {
                    "sensitive": false,
                    "type": "list",
                    "value": []
                },
                "vpc_id": {
                    "sensitive": false,
                    "type": "string",
                    "value": "vpc-0aba75125c974ddf2"
                },
                "vpc_instance_tenancy": {
                    "sensitive": false,
                    "type": "string",
                    "value": "default"
                },
                "vpc_main_route_table_id": {
                    "sensitive": false,
                    "type": "string",
                    "value": "rtb-01047600b72bb0ba1"
                },
                "vpc_secondary_cidr_blocks": {
                    "sensitive": false,
                    "type": "list",
                    "value": []
                }
            },
            "resources": {
                "aws_eip.nat.0": {
                    "type": "aws_eip",
                    "depends_on": [
                        "local.nat_gateway_count"
                    ],
                    "primary": {
                        "id": "eipalloc-08335568778168ee6",
                        "attributes": {
                            "association_id": "",
                            "domain": "vpc",
                            "id": "eipalloc-08335568778168ee6",
                            "instance": "",
                            "network_interface": "",
                            "private_ip": "",
                            "public_dns": "ec2-18-194-50-249.eu-central-1.compute.amazonaws.com",
                            "public_ip": "18.194.50.249",
                            "public_ipv4_pool": "amazon",
                            "tags.%": "3",
                            "tags.Environment": "dev",
                            "tags.Name": "my-vpc-eu-central-1a",
                            "tags.Terraform": "true",
                            "vpc": "true"
                        },
                        "meta": {
                            "e2bfb730-ecaa-11e6-8f88-34363bc7c4c0": {
                                "delete": 180000000000,
                                "read": 900000000000,
                                "update": 300000000000
                            }
                        },
                        "tainted": false
                    },
                    "deposed": [],
                    "provider": "provider.aws"
                },
                "aws_eip.nat.1": {
                    "type": "aws_eip",
                    "depends_on": [
                        "local.nat_gateway_count"
                    ],
                    "primary": {
                        "id": "eipalloc-09ed682f23ce8ea9f",
                        "attributes": {
                            "association_id": "",
                            "domain": "vpc",
                            "id": "eipalloc-09ed682f23ce8ea9f",
                            "instance": "",
                            "network_interface": "",
                            "private_ip": "",
                            "public_dns": "ec2-35-156-69-135.eu-central-1.compute.amazonaws.com",
                            "public_ip": "35.156.69.135",
                            "public_ipv4_pool": "amazon",
                            "tags.%": "3",
                            "tags.Environment": "dev",
                            "tags.Name": "my-vpc-eu-central-1b",
                            "tags.Terraform": "true",
                            "vpc": "true"
                        },
                        "meta": {
                            "e2bfb730-ecaa-11e6-8f88-34363bc7c4c0": {
                                "delete": 180000000000,
                                "read": 900000000000,
                                "update": 300000000000
                            }
                        },
                        "tainted": false
                    },
                    "deposed": [],
                    "provider": "provider.aws"
                },
                "aws_eip.nat.2": {
                    "type": "aws_eip",
                    "depends_on": [
                        "local.nat_gateway_count"
                    ],
                    "primary": {
                        "id": "eipalloc-0b19d9a3a78d04592",
                        "attributes": {
                            "association_id": "",
                            "domain": "vpc",
                            "id": "eipalloc-0b19d9a3a78d04592",
                            "instance": "",
                            "network_interface": "",
                            "private_ip": "",
                            "public_dns": "ec2-18-195-79-221.eu-central-1.compute.amazonaws.com",
                            "public_ip": "18.195.79.221",
                            "public_ipv4_pool": "amazon",
                            "tags.%": "3",
                            "tags.Environment": "dev",
                            "tags.Name": "my-vpc-eu-central-1c",
                            "tags.Terraform": "true",
                            "vpc": "true"
                        },
                        "meta": {
                            "e2bfb730-ecaa-11e6-8f88-34363bc7c4c0": {
                                "delete": 180000000000,
                                "read": 900000000000,
                                "update": 300000000000
                            }
                        },
                        "tainted": false
                    },
                    "deposed": [],
                    "provider": "provider.aws"
                },
                "aws_internet_gateway.this": {
                    "type": "aws_internet_gateway",
                    "depends_on": [
                        "local.vpc_id"
                    ],
                    "primary": {
                        "id": "igw-0e56952e8c9b2ba5f",
                        "attributes": {
                            "id": "igw-0e56952e8c9b2ba5f",
                            "owner_id": "978860796725",
                            "tags.%": "3",
                            "tags.Environment": "dev",
                            "tags.Name": "my-vpc",
                            "tags.Terraform": "true",
                            "vpc_id": "vpc-0aba75125c974ddf2"
                        },
                        "meta": {},
                        "tainted": false
                    },
                    "deposed": [],
                    "provider": "provider.aws"
                },
                "aws_nat_gateway.this.0": {
                    "type": "aws_nat_gateway",
                    "depends_on": [
                        "aws_internet_gateway.this",
                        "aws_subnet.public.*",
                        "local.nat_gateway_count",
                        "local.nat_gateway_ips"
                    ],
                    "primary": {
                        "id": "nat-05bb67d74f472befe",
                        "attributes": {
                            "allocation_id": "eipalloc-08335568778168ee6",
                            "id": "nat-05bb67d74f472befe",
                            "network_interface_id": "eni-003d88643b302f992",
                            "private_ip": "10.0.101.17",
                            "public_ip": "18.194.50.249",
                            "subnet_id": "subnet-0026cf86562f0799a",
                            "tags.%": "3",
                            "tags.Environment": "dev",
                            "tags.Name": "my-vpc-eu-central-1a",
                            "tags.Terraform": "true"
                        },
                        "meta": {},
                        "tainted": false
                    },
                    "deposed": [],
                    "provider": "provider.aws"
                },
                "aws_nat_gateway.this.1": {
                    "type": "aws_nat_gateway",
                    "depends_on": [
                        "aws_internet_gateway.this",
                        "aws_subnet.public.*",
                        "local.nat_gateway_count",
                        "local.nat_gateway_ips"
                    ],
                    "primary": {
                        "id": "nat-00ed3ab180175033f",
                        "attributes": {
                            "allocation_id": "eipalloc-09ed682f23ce8ea9f",
                            "id": "nat-00ed3ab180175033f",
                            "network_interface_id": "eni-03364f6f23b51094d",
                            "private_ip": "10.0.102.68",
                            "public_ip": "35.156.69.135",
                            "subnet_id": "subnet-0cc8a7b03386c57de",
                            "tags.%": "3",
                            "tags.Environment": "dev",
                            "tags.Name": "my-vpc-eu-central-1b",
                            "tags.Terraform": "true"
                        },
                        "meta": {},
                        "tainted": false
                    },
                    "deposed": [],
                    "provider": "provider.aws"
                },
                "aws_nat_gateway.this.2": {
                    "type": "aws_nat_gateway",
                    "depends_on": [
                        "aws_internet_gateway.this",
                        "aws_subnet.public.*",
                        "local.nat_gateway_count",
                        "local.nat_gateway_ips"
                    ],
                    "primary": {
                        "id": "nat-098099a9a9132a05c",
                        "attributes": {
                            "allocation_id": "eipalloc-0b19d9a3a78d04592",
                            "id": "nat-098099a9a9132a05c",
                            "network_interface_id": "eni-0e04376caf6dc6850",
                            "private_ip": "10.0.103.131",
                            "public_ip": "18.195.79.221",
                            "subnet_id": "subnet-0164043c11924bee4",
                            "tags.%": "3",
                            "tags.Environment": "dev",
                            "tags.Name": "my-vpc-eu-central-1c",
                            "tags.Terraform": "true"
                        },
                        "meta": {},
                        "tainted": false
                    },
                    "deposed": [],
                    "provider": "provider.aws"
                },
                "aws_route.private_nat_gateway.0": {
                    "type": "aws_route",
                    "depends_on": [
                        "aws_nat_gateway.this.*",
                        "aws_route_table.private.*",
                        "local.nat_gateway_count"
                    ],
                    "primary": {
                        "id": "r-rtb-0186b5436d6d7743b1080289494",
                        "attributes": {
                            "destination_cidr_block": "0.0.0.0/0",
                            "destination_prefix_list_id": "",
                            "egress_only_gateway_id": "",
                            "gateway_id": "",
                            "id": "r-rtb-0186b5436d6d7743b1080289494",
                            "instance_id": "",
                            "instance_owner_id": "",
                            "nat_gateway_id": "nat-05bb67d74f472befe",
                            "network_interface_id": "",
                            "origin": "CreateRoute",
                            "route_table_id": "rtb-0186b5436d6d7743b",
                            "state": "active",
                            "transit_gateway_id": "",
                            "vpc_peering_connection_id": ""
                        },
                        "meta": {
                            "e2bfb730-ecaa-11e6-8f88-34363bc7c4c0": {
                                "create": 300000000000,
                                "delete": 300000000000
                            }
                        },
                        "tainted": false
                    },
                    "deposed": [],
                    "provider": "provider.aws"
                },
                "aws_route.private_nat_gateway.1": {
                    "type": "aws_route",
                    "depends_on": [
                        "aws_nat_gateway.this.*",
                        "aws_route_table.private.*",
                        "local.nat_gateway_count"
                    ],
                    "primary": {
                        "id": "r-rtb-0093f51db4b0da8711080289494",
                        "attributes": {
                            "destination_cidr_block": "0.0.0.0/0",
                            "destination_prefix_list_id": "",
                            "egress_only_gateway_id": "",
                            "gateway_id": "",
                            "id": "r-rtb-0093f51db4b0da8711080289494",
                            "instance_id": "",
                            "instance_owner_id": "",
                            "nat_gateway_id": "nat-00ed3ab180175033f",
                            "network_interface_id": "",
                            "origin": "CreateRoute",
                            "route_table_id": "rtb-0093f51db4b0da871",
                            "state": "active",
                            "transit_gateway_id": "",
                            "vpc_peering_connection_id": ""
                        },
                        "meta": {
                            "e2bfb730-ecaa-11e6-8f88-34363bc7c4c0": {
                                "create": 300000000000,
                                "delete": 300000000000
                            }
                        },
                        "tainted": false
                    },
                    "deposed": [],
                    "provider": "provider.aws"
                },
                "aws_route.private_nat_gateway.2": {
                    "type": "aws_route",
                    "depends_on": [
                        "aws_nat_gateway.this.*",
                        "aws_route_table.private.*",
                        "local.nat_gateway_count"
                    ],
                    "primary": {
                        "id": "r-rtb-057dd9ab71c9799191080289494",
                        "attributes": {
                            "destination_cidr_block": "0.0.0.0/0",
                            "destination_prefix_list_id": "",
                            "egress_only_gateway_id": "",
                            "gateway_id": "",
                            "id": "r-rtb-057dd9ab71c9799191080289494",
                            "instance_id": "",
                            "instance_owner_id": "",
                            "nat_gateway_id": "nat-098099a9a9132a05c",
                            "network_interface_id": "",
                            "origin": "CreateRoute",
                            "route_table_id": "rtb-057dd9ab71c979919",
                            "state": "active",
                            "transit_gateway_id": "",
                            "vpc_peering_connection_id": ""
                        },
                        "meta": {
                            "e2bfb730-ecaa-11e6-8f88-34363bc7c4c0": {
                                "create": 300000000000,
                                "delete": 300000000000
                            }
                        },
                        "tainted": false
                    },
                    "deposed": [],
                    "provider": "provider.aws"
                },
                "aws_route.public_internet_gateway": {
                    "type": "aws_route",
                    "depends_on": [
                        "aws_internet_gateway.this",
                        "aws_route_table.public"
                    ],
                    "primary": {
                        "id": "r-rtb-0eb340d0cefe3484d1080289494",
                        "attributes": {
                            "destination_cidr_block": "0.0.0.0/0",
                            "destination_prefix_list_id": "",
                            "egress_only_gateway_id": "",
                            "gateway_id": "igw-0e56952e8c9b2ba5f",
                            "id": "r-rtb-0eb340d0cefe3484d1080289494",
                            "instance_id": "",
                            "instance_owner_id": "",
                            "nat_gateway_id": "",
                            "network_interface_id": "",
                            "origin": "CreateRoute",
                            "route_table_id": "rtb-0eb340d0cefe3484d",
                            "state": "active",
                            "transit_gateway_id": "",
                            "vpc_peering_connection_id": ""
                        },
                        "meta": {
                            "e2bfb730-ecaa-11e6-8f88-34363bc7c4c0": {
                                "create": 300000000000,
                                "delete": 300000000000
                            }
                        },
                        "tainted": false
                    },
                    "deposed": [],
                    "provider": "provider.aws"
                },
                "aws_route_table.private.0": {
                    "type": "aws_route_table",
                    "depends_on": [
                        "local.max_subnet_length",
                        "local.nat_gateway_count",
                        "local.vpc_id"
                    ],
                    "primary": {
                        "id": "rtb-0186b5436d6d7743b",
                        "attributes": {
                            "id": "rtb-0186b5436d6d7743b",
                            "owner_id": "978860796725",
                            "propagating_vgws.#": "0",
                            "route.#": "0",
                            "tags.%": "3",
                            "tags.Environment": "dev",
                            "tags.Name": "my-vpc-private-eu-central-1a",
                            "tags.Terraform": "true",
                            "vpc_id": "vpc-0aba75125c974ddf2"
                        },
                        "meta": {},
                        "tainted": false
                    },
                    "deposed": [],
                    "provider": "provider.aws"
                },
                "aws_route_table.private.1": {
                    "type": "aws_route_table",
                    "depends_on": [
                        "local.max_subnet_length",
                        "local.nat_gateway_count",
                        "local.vpc_id"
                    ],
                    "primary": {
                        "id": "rtb-0093f51db4b0da871",
                        "attributes": {
                            "id": "rtb-0093f51db4b0da871",
                            "owner_id": "978860796725",
                            "propagating_vgws.#": "0",
                            "route.#": "0",
                            "tags.%": "3",
                            "tags.Environment": "dev",
                            "tags.Name": "my-vpc-private-eu-central-1b",
                            "tags.Terraform": "true",
                            "vpc_id": "vpc-0aba75125c974ddf2"
                        },
                        "meta": {},
                        "tainted": false
                    },
                    "deposed": [],
                    "provider": "provider.aws"
                },
                "aws_route_table.private.2": {
                    "type": "aws_route_table",
                    "depends_on": [
                        "local.max_subnet_length",
                        "local.nat_gateway_count",
                        "local.vpc_id"
                    ],
                    "primary": {
                        "id": "rtb-057dd9ab71c979919",
                        "attributes": {
                            "id": "rtb-057dd9ab71c979919",
                            "owner_id": "978860796725",
                            "propagating_vgws.#": "0",
                            "route.#": "0",
                            "tags.%": "3",
                            "tags.Environment": "dev",
                            "tags.Name": "my-vpc-private-eu-central-1c",
                            "tags.Terraform": "true",
                            "vpc_id": "vpc-0aba75125c974ddf2"
                        },
                        "meta": {},
                        "tainted": false
                    },
                    "deposed": [],
                    "provider": "provider.aws"
                },
                "aws_route_table.public": {
                    "type": "aws_route_table",
                    "depends_on": [
                        "local.vpc_id"
                    ],
                    "primary": {
                        "id": "rtb-0eb340d0cefe3484d",
                        "attributes": {
                            "id": "rtb-0eb340d0cefe3484d",
                            "owner_id": "978860796725",
                            "propagating_vgws.#": "0",
                            "route.#": "0",
                            "tags.%": "3",
                            "tags.Environment": "dev",
                            "tags.Name": "my-vpc-public",
                            "tags.Terraform": "true",
                            "vpc_id": "vpc-0aba75125c974ddf2"
                        },
                        "meta": {},
                        "tainted": false
                    },
                    "deposed": [],
                    "provider": "provider.aws"
                },
                "aws_route_table_association.private.0": {
                    "type": "aws_route_table_association",
                    "depends_on": [
                        "aws_route_table.private.*",
                        "aws_subnet.private.*"
                    ],
                    "primary": {
                        "id": "rtbassoc-0c587bf78ac440732",
                        "attributes": {
                            "id": "rtbassoc-0c587bf78ac440732",
                            "route_table_id": "rtb-0186b5436d6d7743b",
                            "subnet_id": "subnet-005a7a8e59e384216"
                        },
                        "meta": {},
                        "tainted": false
                    },
                    "deposed": [],
                    "provider": "provider.aws"
                },
                "aws_route_table_association.private.1": {
                    "type": "aws_route_table_association",
                    "depends_on": [
                        "aws_route_table.private.*",
                        "aws_subnet.private.*"
                    ],
                    "primary": {
                        "id": "rtbassoc-0056d052134680555",
                        "attributes": {
                            "id": "rtbassoc-0056d052134680555",
                            "route_table_id": "rtb-0093f51db4b0da871",
                            "subnet_id": "subnet-0c1fec4c6ded8a7bd"
                        },
                        "meta": {},
                        "tainted": false
                    },
                    "deposed": [],
                    "provider": "provider.aws"
                },
                "aws_route_table_association.private.2": {
                    "type": "aws_route_table_association",
                    "depends_on": [
                        "aws_route_table.private.*",
                        "aws_subnet.private.*"
                    ],
                    "primary": {
                        "id": "rtbassoc-05b50e5df69aea084",
                        "attributes": {
                            "id": "rtbassoc-05b50e5df69aea084",
                            "route_table_id": "rtb-057dd9ab71c979919",
                            "subnet_id": "subnet-099dcfb692696617b"
                        },
                        "meta": {},
                        "tainted": false
                    },
                    "deposed": [],
                    "provider": "provider.aws"
                },
                "aws_route_table_association.public.0": {
                    "type": "aws_route_table_association",
                    "depends_on": [
                        "aws_route_table.public",
                        "aws_subnet.public.*"
                    ],
                    "primary": {
                        "id": "rtbassoc-0f7b05b802e7ff83b",
                        "attributes": {
                            "id": "rtbassoc-0f7b05b802e7ff83b",
                            "route_table_id": "rtb-0eb340d0cefe3484d",
                            "subnet_id": "subnet-0026cf86562f0799a"
                        },
                        "meta": {},
                        "tainted": false
                    },
                    "deposed": [],
                    "provider": "provider.aws"
                },
                "aws_route_table_association.public.1": {
                    "type": "aws_route_table_association",
                    "depends_on": [
                        "aws_route_table.public",
                        "aws_subnet.public.*"
                    ],
                    "primary": {
                        "id": "rtbassoc-0895ca581b3441a55",
                        "attributes": {
                            "id": "rtbassoc-0895ca581b3441a55",
                            "route_table_id": "rtb-0eb340d0cefe3484d",
                            "subnet_id": "subnet-0cc8a7b03386c57de"
                        },
                        "meta": {},
                        "tainted": false
                    },
                    "deposed": [],
                    "provider": "provider.aws"
                },
                "aws_route_table_association.public.2": {
                    "type": "aws_route_table_association",
                    "depends_on": [
                        "aws_route_table.public",
                        "aws_subnet.public.*"
                    ],
                    "primary": {
                        "id": "rtbassoc-0a740b62ff49747d8",
                        "attributes": {
                            "id": "rtbassoc-0a740b62ff49747d8",
                            "route_table_id": "rtb-0eb340d0cefe3484d",
                            "subnet_id": "subnet-0164043c11924bee4"
                        },
                        "meta": {},
                        "tainted": false
                    },
                    "deposed": [],
                    "provider": "provider.aws"
                },
                "aws_subnet.private.0": {
                    "type": "aws_subnet",
                    "depends_on": [
                        "local.vpc_id"
                    ],
                    "primary": {
                        "id": "subnet-005a7a8e59e384216",
                        "attributes": {
                            "arn": "arn:aws:ec2:eu-central-1:978860796725:subnet/subnet-005a7a8e59e384216",
                            "assign_ipv6_address_on_creation": "false",
                            "availability_zone": "eu-central-1a",
                            "availability_zone_id": "euc1-az2",
                            "cidr_block": "10.0.1.0/24",
                            "id": "subnet-005a7a8e59e384216",
                            "ipv6_cidr_block": "",
                            "ipv6_cidr_block_association_id": "",
                            "map_public_ip_on_launch": "false",
                            "owner_id": "978860796725",
                            "tags.%": "3",
                            "tags.Environment": "dev",
                            "tags.Name": "my-vpc-private-eu-central-1a",
                            "tags.Terraform": "true",
                            "vpc_id": "vpc-0aba75125c974ddf2"
                        },
                        "meta": {
                            "e2bfb730-ecaa-11e6-8f88-34363bc7c4c0": {
                                "create": 600000000000,
                                "delete": 600000000000
                            },
                            "schema_version": "1"
                        },
                        "tainted": false
                    },
                    "deposed": [],
                    "provider": "provider.aws"
                },
                "aws_subnet.private.1": {
                    "type": "aws_subnet",
                    "depends_on": [
                        "local.vpc_id"
                    ],
                    "primary": {
                        "id": "subnet-0c1fec4c6ded8a7bd",
                        "attributes": {
                            "arn": "arn:aws:ec2:eu-central-1:978860796725:subnet/subnet-0c1fec4c6ded8a7bd",
                            "assign_ipv6_address_on_creation": "false",
                            "availability_zone": "eu-central-1b",
                            "availability_zone_id": "euc1-az3",
                            "cidr_block": "10.0.2.0/24",
                            "id": "subnet-0c1fec4c6ded8a7bd",
                            "ipv6_cidr_block": "",
                            "ipv6_cidr_block_association_id": "",
                            "map_public_ip_on_launch": "false",
                            "owner_id": "978860796725",
                            "tags.%": "3",
                            "tags.Environment": "dev",
                            "tags.Name": "my-vpc-private-eu-central-1b",
                            "tags.Terraform": "true",
                            "vpc_id": "vpc-0aba75125c974ddf2"
                        },
                        "meta": {
                            "e2bfb730-ecaa-11e6-8f88-34363bc7c4c0": {
                                "create": 600000000000,
                                "delete": 600000000000
                            },
                            "schema_version": "1"
                        },
                        "tainted": false
                    },
                    "deposed": [],
                    "provider": "provider.aws"
                },
                "aws_subnet.private.2": {
                    "type": "aws_subnet",
                    "depends_on": [
                        "local.vpc_id"
                    ],
                    "primary": {
                        "id": "subnet-099dcfb692696617b",
                        "attributes": {
                            "arn": "arn:aws:ec2:eu-central-1:978860796725:subnet/subnet-099dcfb692696617b",
                            "assign_ipv6_address_on_creation": "false",
                            "availability_zone": "eu-central-1c",
                            "availability_zone_id": "euc1-az1",
                            "cidr_block": "10.0.3.0/24",
                            "id": "subnet-099dcfb692696617b",
                            "ipv6_cidr_block": "",
                            "ipv6_cidr_block_association_id": "",
                            "map_public_ip_on_launch": "false",
                            "owner_id": "978860796725",
                            "tags.%": "3",
                            "tags.Environment": "dev",
                            "tags.Name": "my-vpc-private-eu-central-1c",
                            "tags.Terraform": "true",
                            "vpc_id": "vpc-0aba75125c974ddf2"
                        },
                        "meta": {
                            "e2bfb730-ecaa-11e6-8f88-34363bc7c4c0": {
                                "create": 600000000000,
                                "delete": 600000000000
                            },
                            "schema_version": "1"
                        },
                        "tainted": false
                    },
                    "deposed": [],
                    "provider": "provider.aws"
                },
                "aws_subnet.public.0": {
                    "type": "aws_subnet",
                    "depends_on": [
                        "local.vpc_id"
                    ],
                    "primary": {
                        "id": "subnet-0026cf86562f0799a",
                        "attributes": {
                            "arn": "arn:aws:ec2:eu-central-1:978860796725:subnet/subnet-0026cf86562f0799a",
                            "assign_ipv6_address_on_creation": "false",
                            "availability_zone": "eu-central-1a",
                            "availability_zone_id": "euc1-az2",
                            "cidr_block": "10.0.101.0/24",
                            "id": "subnet-0026cf86562f0799a",
                            "ipv6_cidr_block": "",
                            "ipv6_cidr_block_association_id": "",
                            "map_public_ip_on_launch": "true",
                            "owner_id": "978860796725",
                            "tags.%": "3",
                            "tags.Environment": "dev",
                            "tags.Name": "my-vpc-public-eu-central-1a",
                            "tags.Terraform": "true",
                            "vpc_id": "vpc-0aba75125c974ddf2"
                        },
                        "meta": {
                            "e2bfb730-ecaa-11e6-8f88-34363bc7c4c0": {
                                "create": 600000000000,
                                "delete": 600000000000
                            },
                            "schema_version": "1"
                        },
                        "tainted": false
                    },
                    "deposed": [],
                    "provider": "provider.aws"
                },
                "aws_subnet.public.1": {
                    "type": "aws_subnet",
                    "depends_on": [
                        "local.vpc_id"
                    ],
                    "primary": {
                        "id": "subnet-0cc8a7b03386c57de",
                        "attributes": {
                            "arn": "arn:aws:ec2:eu-central-1:978860796725:subnet/subnet-0cc8a7b03386c57de",
                            "assign_ipv6_address_on_creation": "false",
                            "availability_zone": "eu-central-1b",
                            "availability_zone_id": "euc1-az3",
                            "cidr_block": "10.0.102.0/24",
                            "id": "subnet-0cc8a7b03386c57de",
                            "ipv6_cidr_block": "",
                            "ipv6_cidr_block_association_id": "",
                            "map_public_ip_on_launch": "true",
                            "owner_id": "978860796725",
                            "tags.%": "3",
                            "tags.Environment": "dev",
                            "tags.Name": "my-vpc-public-eu-central-1b",
                            "tags.Terraform": "true",
                            "vpc_id": "vpc-0aba75125c974ddf2"
                        },
                        "meta": {
                            "e2bfb730-ecaa-11e6-8f88-34363bc7c4c0": {
                                "create": 600000000000,
                                "delete": 600000000000
                            },
                            "schema_version": "1"
                        },
                        "tainted": false
                    },
                    "deposed": [],
                    "provider": "provider.aws"
                },
                "aws_subnet.public.2": {
                    "type": "aws_subnet",
                    "depends_on": [
                        "local.vpc_id"
                    ],
                    "primary": {
                        "id": "subnet-0164043c11924bee4",
                        "attributes": {
                            "arn": "arn:aws:ec2:eu-central-1:978860796725:subnet/subnet-0164043c11924bee4",
                            "assign_ipv6_address_on_creation": "false",
                            "availability_zone": "eu-central-1c",
                            "availability_zone_id": "euc1-az1",
                            "cidr_block": "10.0.103.0/24",
                            "id": "subnet-0164043c11924bee4",
                            "ipv6_cidr_block": "",
                            "ipv6_cidr_block_association_id": "",
                            "map_public_ip_on_launch": "true",
                            "owner_id": "978860796725",
                            "tags.%": "3",
                            "tags.Environment": "dev",
                            "tags.Name": "my-vpc-public-eu-central-1c",
                            "tags.Terraform": "true",
                            "vpc_id": "vpc-0aba75125c974ddf2"
                        },
                        "meta": {
                            "e2bfb730-ecaa-11e6-8f88-34363bc7c4c0": {
                                "create": 600000000000,
                                "delete": 600000000000
                            },
                            "schema_version": "1"
                        },
                        "tainted": false
                    },
                    "deposed": [],
                    "provider": "provider.aws"
                },
                "aws_vpc.this": {
                    "type": "aws_vpc",
                    "depends_on": [],
                    "primary": {
                        "id": "vpc-0aba75125c974ddf2",
                        "attributes": {
                            "arn": "arn:aws:ec2:eu-central-1:978860796725:vpc/vpc-0aba75125c974ddf2",
                            "assign_generated_ipv6_cidr_block": "false",
                            "cidr_block": "10.0.0.0/16",
                            "default_network_acl_id": "acl-0d52434d7a45b845e",
                            "default_route_table_id": "rtb-01047600b72bb0ba1",
                            "default_security_group_id": "sg-04523c6a97ea8f576",
                            "dhcp_options_id": "dopt-261b374d",
                            "enable_dns_hostnames": "false",
                            "enable_dns_support": "true",
                            "id": "vpc-0aba75125c974ddf2",
                            "instance_tenancy": "default",
                            "ipv6_association_id": "",
                            "ipv6_cidr_block": "",
                            "main_route_table_id": "rtb-01047600b72bb0ba1",
                            "owner_id": "978860796725",
                            "tags.%": "3",
                            "tags.Environment": "dev",
                            "tags.Name": "my-vpc",
                            "tags.Terraform": "true"
                        },
                        "meta": {
                            "schema_version": "1"
                        },
                        "tainted": false
                    },
                    "deposed": [],
                    "provider": "provider.aws"
                },
                "aws_vpn_gateway.this": {
                    "type": "aws_vpn_gateway",
                    "depends_on": [
                        "local.vpc_id"
                    ],
                    "primary": {
                        "id": "vgw-0a35d1786871344a1",
                        "attributes": {
                            "amazon_side_asn": "64512",
                            "id": "vgw-0a35d1786871344a1",
                            "tags.%": "3",
                            "tags.Environment": "dev",
                            "tags.Name": "my-vpc",
                            "tags.Terraform": "true",
                            "vpc_id": "vpc-0aba75125c974ddf2"
                        },
                        "meta": {},
                        "tainted": false
                    },
                    "deposed": [],
                    "provider": "provider.aws"
                }
            },
            "depends_on": []
        }
    ]
}
